// !$*UTF8*$!
{
	archiveVersion = 1;
	classes = {
	};
	objectVersion = 45;
	objects = {

/* Begin PBXBuildFile section */
		141A939B12802FFD002C3C19 /* StringToNumberTransformer.m in Sources */ = {isa = PBXBuildFile; fileRef = 141A939A12802FFD002C3C19 /* StringToNumberTransformer.m */; };
		14BA8E5812681D03005456E6 /* IBAFormsShowcaseAppDelegate.m in Sources */ = {isa = PBXBuildFile; fileRef = 14BA8E5312681D03005456E6 /* IBAFormsShowcaseAppDelegate.m */; };
		14BA8E5D12681F3D005456E6 /* FormController.m in Sources */ = {isa = PBXBuildFile; fileRef = 14BA8E5C12681F3D005456E6 /* FormController.m */; };
		14BA8E7112682042005456E6 /* libIBAForms.a in Frameworks */ = {isa = PBXBuildFile; fileRef = 14BA8E6612681FC9005456E6 /* libIBAForms.a */; };
		14BA8FF11269A550005456E6 /* FormModel.m in Sources */ = {isa = PBXBuildFile; fileRef = 14BA8FF01269A550005456E6 /* FormModel.m */; };
		14BA90091269A7EC005456E6 /* CoreData.framework in Frameworks */ = {isa = PBXBuildFile; fileRef = 14BA90081269A7EC005456E6 /* CoreData.framework */; };
		14BA900E1269A839005456E6 /* FormDataSource.m in Sources */ = {isa = PBXBuildFile; fileRef = 14BA900D1269A839005456E6 /* FormDataSource.m */; };
		1D60589B0D05DD56006BFB54 /* main.m in Sources */ = {isa = PBXBuildFile; fileRef = 29B97316FDCFA39411CA2CEA /* main.m */; };
		1D60589F0D05DD5A006BFB54 /* Foundation.framework in Frameworks */ = {isa = PBXBuildFile; fileRef = 1D30AB110D05D00D00671497 /* Foundation.framework */; };
		1DF5F4E00D08C38300B7A737 /* UIKit.framework in Frameworks */ = {isa = PBXBuildFile; fileRef = 1DF5F4DF0D08C38300B7A737 /* UIKit.framework */; };
		288765A50DF7441C002DB57D /* CoreGraphics.framework in Frameworks */ = {isa = PBXBuildFile; fileRef = 288765A40DF7441C002DB57D /* CoreGraphics.framework */; };
/* End PBXBuildFile section */

/* Begin PBXContainerItemProxy section */
		14BA8E6512681FC9005456E6 /* PBXContainerItemProxy */ = {
			isa = PBXContainerItemProxy;
			containerPortal = 14BA8E5E12681FC9005456E6 /* IBAForms.xcodeproj */;
			proxyType = 2;
			remoteGlobalIDString = D2AAC07E0554694100DB518D;
			remoteInfo = IBAForms;
		};
		14BA8E6712681FDC005456E6 /* PBXContainerItemProxy */ = {
			isa = PBXContainerItemProxy;
			containerPortal = 14BA8E5E12681FC9005456E6 /* IBAForms.xcodeproj */;
			proxyType = 1;
			remoteGlobalIDString = D2AAC07D0554694100DB518D;
			remoteInfo = IBAForms;
		};
/* End PBXContainerItemProxy section */

/* Begin PBXFileReference section */
		141A939912802FFD002C3C19 /* StringToNumberTransformer.h */ = {isa = PBXFileReference; fileEncoding = 4; lastKnownFileType = sourcecode.c.h; path = StringToNumberTransformer.h; sourceTree = "<group>"; };
		141A939A12802FFD002C3C19 /* StringToNumberTransformer.m */ = {isa = PBXFileReference; fileEncoding = 4; lastKnownFileType = sourcecode.c.objc; path = StringToNumberTransformer.m; sourceTree = "<group>"; };
		14BA8E5212681D03005456E6 /* IBAFormsShowcaseAppDelegate.h */ = {isa = PBXFileReference; fileEncoding = 4; lastKnownFileType = sourcecode.c.h; path = IBAFormsShowcaseAppDelegate.h; sourceTree = "<group>"; };
		14BA8E5312681D03005456E6 /* IBAFormsShowcaseAppDelegate.m */ = {isa = PBXFileReference; fileEncoding = 4; lastKnownFileType = sourcecode.c.objc; path = IBAFormsShowcaseAppDelegate.m; sourceTree = "<group>"; };
		14BA8E5B12681F3D005456E6 /* FormController.h */ = {isa = PBXFileReference; fileEncoding = 4; lastKnownFileType = sourcecode.c.h; path = FormController.h; sourceTree = "<group>"; };
		14BA8E5C12681F3D005456E6 /* FormController.m */ = {isa = PBXFileReference; fileEncoding = 4; lastKnownFileType = sourcecode.c.objc; path = FormController.m; sourceTree = "<group>"; };
		14BA8E5E12681FC9005456E6 /* IBAForms.xcodeproj */ = {isa = PBXFileReference; lastKnownFileType = "wrapper.pb-project"; name = IBAForms.xcodeproj; path = ../../library/IBAForms.xcodeproj; sourceTree = SOURCE_ROOT; };
		14BA8FEF1269A550005456E6 /* FormModel.h */ = {isa = PBXFileReference; fileEncoding = 4; lastKnownFileType = sourcecode.c.h; path = FormModel.h; sourceTree = "<group>"; };
		14BA8FF01269A550005456E6 /* FormModel.m */ = {isa = PBXFileReference; fileEncoding = 4; lastKnownFileType = sourcecode.c.objc; path = FormModel.m; sourceTree = "<group>"; };
		14BA90081269A7EC005456E6 /* CoreData.framework */ = {isa = PBXFileReference; lastKnownFileType = wrapper.framework; name = CoreData.framework; path = System/Library/Frameworks/CoreData.framework; sourceTree = SDKROOT; };
		14BA900C1269A839005456E6 /* FormDataSource.h */ = {isa = PBXFileReference; fileEncoding = 4; lastKnownFileType = sourcecode.c.h; path = FormDataSource.h; sourceTree = "<group>"; };
		14BA900D1269A839005456E6 /* FormDataSource.m */ = {isa = PBXFileReference; fileEncoding = 4; lastKnownFileType = sourcecode.c.objc; path = FormDataSource.m; sourceTree = "<group>"; };
		1D30AB110D05D00D00671497 /* Foundation.framework */ = {isa = PBXFileReference; lastKnownFileType = wrapper.framework; name = Foundation.framework; path = System/Library/Frameworks/Foundation.framework; sourceTree = SDKROOT; };
		1D6058910D05DD3D006BFB54 /* IBAFormsShowcase.app */ = {isa = PBXFileReference; explicitFileType = wrapper.application; includeInIndex = 0; path = IBAFormsShowcase.app; sourceTree = BUILT_PRODUCTS_DIR; };
		1DF5F4DF0D08C38300B7A737 /* UIKit.framework */ = {isa = PBXFileReference; lastKnownFileType = wrapper.framework; name = UIKit.framework; path = System/Library/Frameworks/UIKit.framework; sourceTree = SDKROOT; };
		288765A40DF7441C002DB57D /* CoreGraphics.framework */ = {isa = PBXFileReference; lastKnownFileType = wrapper.framework; name = CoreGraphics.framework; path = System/Library/Frameworks/CoreGraphics.framework; sourceTree = SDKROOT; };
		29B97316FDCFA39411CA2CEA /* main.m */ = {isa = PBXFileReference; fileEncoding = 4; lastKnownFileType = sourcecode.c.objc; path = main.m; sourceTree = "<group>"; };
		32CA4F630368D1EE00C91783 /* IBAFormsShowcase_Prefix.pch */ = {isa = PBXFileReference; fileEncoding = 4; lastKnownFileType = sourcecode.c.h; path = IBAFormsShowcase_Prefix.pch; sourceTree = "<group>"; };
		8D1107310486CEB800E47090 /* IBAFormsShowcase-Info.plist */ = {isa = PBXFileReference; fileEncoding = 4; lastKnownFileType = text.plist.xml; path = "IBAFormsShowcase-Info.plist"; plistStructureDefinitionIdentifier = "com.apple.xcode.plist.structure-definition.iphone.info-plist"; sourceTree = "<group>"; };
/* End PBXFileReference section */

/* Begin PBXFrameworksBuildPhase section */
		1D60588F0D05DD3D006BFB54 /* Frameworks */ = {
			isa = PBXFrameworksBuildPhase;
			buildActionMask = 2147483647;
			files = (
				1D60589F0D05DD5A006BFB54 /* Foundation.framework in Frameworks */,
				1DF5F4E00D08C38300B7A737 /* UIKit.framework in Frameworks */,
				288765A50DF7441C002DB57D /* CoreGraphics.framework in Frameworks */,
				14BA8E7112682042005456E6 /* libIBAForms.a in Frameworks */,
				14BA90091269A7EC005456E6 /* CoreData.framework in Frameworks */,
			);
			runOnlyForDeploymentPostprocessing = 0;
		};
/* End PBXFrameworksBuildPhase section */

/* Begin PBXGroup section */
		14BA8E5012681D03005456E6 /* src */ = {
			isa = PBXGroup;
			children = (
				14BA8E5112681D03005456E6 /* controllers */,
				14BA8E5212681D03005456E6 /* IBAFormsShowcaseAppDelegate.h */,
				14BA8E5312681D03005456E6 /* IBAFormsShowcaseAppDelegate.m */,
				14BA8E5612681D03005456E6 /* models */,
				14BA8E5712681D03005456E6 /* views */,
			);
			path = src;
			sourceTree = "<group>";
		};
		14BA8E5112681D03005456E6 /* controllers */ = {
			isa = PBXGroup;
			children = (
				14BA8E5B12681F3D005456E6 /* FormController.h */,
				14BA8E5C12681F3D005456E6 /* FormController.m */,
			);
			path = controllers;
			sourceTree = "<group>";
		};
		14BA8E5612681D03005456E6 /* models */ = {
			isa = PBXGroup;
			children = (
				14BA8FEF1269A550005456E6 /* FormModel.h */,
				14BA8FF01269A550005456E6 /* FormModel.m */,
				14BA900C1269A839005456E6 /* FormDataSource.h */,
				14BA900D1269A839005456E6 /* FormDataSource.m */,
				141A939912802FFD002C3C19 /* StringToNumberTransformer.h */,
				141A939A12802FFD002C3C19 /* StringToNumberTransformer.m */,
			);
			path = models;
			sourceTree = "<group>";
		};
		14BA8E5712681D03005456E6 /* views */ = {
			isa = PBXGroup;
			children = (
			);
			path = views;
			sourceTree = "<group>";
		};
		14BA8E5F12681FC9005456E6 /* Products */ = {
			isa = PBXGroup;
			children = (
				14BA8E6612681FC9005456E6 /* libIBAForms.a */,
			);
			name = Products;
			sourceTree = "<group>";
		};
		19C28FACFE9D520D11CA2CBB /* Products */ = {
			isa = PBXGroup;
			children = (
				1D6058910D05DD3D006BFB54 /* IBAFormsShowcase.app */,
			);
			name = Products;
			sourceTree = "<group>";
		};
		29B97314FDCFA39411CA2CEA /* CustomTemplate */ = {
			isa = PBXGroup;
			children = (
				14BA8E5012681D03005456E6 /* src */,
				29B97315FDCFA39411CA2CEA /* Other Sources */,
				29B97317FDCFA39411CA2CEA /* Resources */,
				29B97323FDCFA39411CA2CEA /* Frameworks */,
				19C28FACFE9D520D11CA2CBB /* Products */,
				14BA90081269A7EC005456E6 /* CoreData.framework */,
			);
			name = CustomTemplate;
			sourceTree = "<group>";
		};
		29B97315FDCFA39411CA2CEA /* Other Sources */ = {
			isa = PBXGroup;
			children = (
				32CA4F630368D1EE00C91783 /* IBAFormsShowcase_Prefix.pch */,
				29B97316FDCFA39411CA2CEA /* main.m */,
			);
			name = "Other Sources";
			sourceTree = "<group>";
		};
		29B97317FDCFA39411CA2CEA /* Resources */ = {
			isa = PBXGroup;
			children = (
				8D1107310486CEB800E47090 /* IBAFormsShowcase-Info.plist */,
			);
			name = Resources;
			sourceTree = "<group>";
		};
		29B97323FDCFA39411CA2CEA /* Frameworks */ = {
			isa = PBXGroup;
			children = (
				14BA8E5E12681FC9005456E6 /* IBAForms.xcodeproj */,
				1DF5F4DF0D08C38300B7A737 /* UIKit.framework */,
				1D30AB110D05D00D00671497 /* Foundation.framework */,
				288765A40DF7441C002DB57D /* CoreGraphics.framework */,
			);
			name = Frameworks;
			sourceTree = "<group>";
		};
/* End PBXGroup section */

/* Begin PBXNativeTarget section */
		1D6058900D05DD3D006BFB54 /* IBAFormsShowcase */ = {
			isa = PBXNativeTarget;
			buildConfigurationList = 1D6058960D05DD3E006BFB54 /* Build configuration list for PBXNativeTarget "IBAFormsShowcase" */;
			buildPhases = (
				1D60588D0D05DD3D006BFB54 /* Resources */,
				1D60588E0D05DD3D006BFB54 /* Sources */,
				1D60588F0D05DD3D006BFB54 /* Frameworks */,
			);
			buildRules = (
			);
			dependencies = (
				14BA8E6812681FDC005456E6 /* PBXTargetDependency */,
			);
			name = IBAFormsShowcase;
			productName = IBAFormsShowcase;
			productReference = 1D6058910D05DD3D006BFB54 /* IBAFormsShowcase.app */;
			productType = "com.apple.product-type.application";
		};
/* End PBXNativeTarget section */

/* Begin PBXProject section */
		29B97313FDCFA39411CA2CEA /* Project object */ = {
			isa = PBXProject;
			buildConfigurationList = C01FCF4E08A954540054247B /* Build configuration list for PBXProject "IBAFormsShowcase" */;
			compatibilityVersion = "Xcode 3.1";
			developmentRegion = English;
			hasScannedForEncodings = 1;
			knownRegions = (
				English,
				Japanese,
				French,
				German,
			);
			mainGroup = 29B97314FDCFA39411CA2CEA /* CustomTemplate */;
			projectDirPath = "";
			projectReferences = (
				{
					ProductGroup = 14BA8E5F12681FC9005456E6 /* Products */;
					ProjectRef = 14BA8E5E12681FC9005456E6 /* IBAForms.xcodeproj */;
				},
			);
			projectRoot = "";
			targets = (
				1D6058900D05DD3D006BFB54 /* IBAFormsShowcase */,
			);
		};
/* End PBXProject section */

/* Begin PBXReferenceProxy section */
		14BA8E6612681FC9005456E6 /* libIBAForms.a */ = {
			isa = PBXReferenceProxy;
			fileType = archive.ar;
			path = libIBAForms.a;
			remoteRef = 14BA8E6512681FC9005456E6 /* PBXContainerItemProxy */;
			sourceTree = BUILT_PRODUCTS_DIR;
		};
/* End PBXReferenceProxy section */

/* Begin PBXResourcesBuildPhase section */
		1D60588D0D05DD3D006BFB54 /* Resources */ = {
			isa = PBXResourcesBuildPhase;
			buildActionMask = 2147483647;
			files = (
			);
			runOnlyForDeploymentPostprocessing = 0;
		};
/* End PBXResourcesBuildPhase section */

/* Begin PBXSourcesBuildPhase section */
		1D60588E0D05DD3D006BFB54 /* Sources */ = {
			isa = PBXSourcesBuildPhase;
			buildActionMask = 2147483647;
			files = (
				1D60589B0D05DD56006BFB54 /* main.m in Sources */,
				14BA8E5812681D03005456E6 /* IBAFormsShowcaseAppDelegate.m in Sources */,
				14BA8E5D12681F3D005456E6 /* FormController.m in Sources */,
				14BA8FF11269A550005456E6 /* FormModel.m in Sources */,
				14BA900E1269A839005456E6 /* FormDataSource.m in Sources */,
				141A939B12802FFD002C3C19 /* StringToNumberTransformer.m in Sources */,
			);
			runOnlyForDeploymentPostprocessing = 0;
		};
/* End PBXSourcesBuildPhase section */

/* Begin PBXTargetDependency section */
		14BA8E6812681FDC005456E6 /* PBXTargetDependency */ = {
			isa = PBXTargetDependency;
			name = IBAForms;
			targetProxy = 14BA8E6712681FDC005456E6 /* PBXContainerItemProxy */;
		};
/* End PBXTargetDependency section */

/* Begin XCBuildConfiguration section */
		1D6058940D05DD3E006BFB54 /* Debug */ = {
			isa = XCBuildConfiguration;
			buildSettings = {
				ALWAYS_SEARCH_USER_PATHS = NO;
				COPY_PHASE_STRIP = NO;
				GCC_DYNAMIC_NO_PIC = NO;
				GCC_OPTIMIZATION_LEVEL = 0;
				GCC_PRECOMPILE_PREFIX_HEADER = YES;
				GCC_PREFIX_HEADER = IBAFormsShowcase_Prefix.pch;
				HEADER_SEARCH_PATHS = ../../library/build/headers;
				INFOPLIST_FILE = "IBAFormsShowcase-Info.plist";
				OTHER_LDFLAGS = (
					"-all_load",
					"-ObjC",
				);
				PRODUCT_NAME = IBAFormsShowcase;
			};
			name = Debug;
		};
		1D6058950D05DD3E006BFB54 /* Release */ = {
			isa = XCBuildConfiguration;
			buildSettings = {
				ALWAYS_SEARCH_USER_PATHS = NO;
				COPY_PHASE_STRIP = YES;
				GCC_PRECOMPILE_PREFIX_HEADER = YES;
				GCC_PREFIX_HEADER = IBAFormsShowcase_Prefix.pch;
				INFOPLIST_FILE = "IBAFormsShowcase-Info.plist";
				PRODUCT_NAME = IBAFormsShowcase;
				VALIDATE_PRODUCT = YES;
			};
			name = Release;
		};
		C01FCF4F08A954540054247B /* Debug */ = {
			isa = XCBuildConfiguration;
			buildSettings = {
				ARCHS = "$(ARCHS_STANDARD_32_BIT)";
				"CODE_SIGN_IDENTITY[sdk=iphoneos*]" = "iPhone Developer";
				GCC_C_LANGUAGE_STANDARD = c99;
				GCC_WARN_ABOUT_RETURN_TYPE = YES;
				GCC_WARN_UNUSED_VARIABLE = YES;
				PREBINDING = NO;
				SDKROOT = iphoneos4.1;
			};
			name = Debug;
		};
		C01FCF5008A954540054247B /* Release */ = {
			isa = XCBuildConfiguration;
			buildSettings = {
				ARCHS = "$(ARCHS_STANDARD_32_BIT)";
				"CODE_SIGN_IDENTITY[sdk=iphoneos*]" = "iPhone Developer";
				GCC_C_LANGUAGE_STANDARD = c99;
				GCC_WARN_ABOUT_RETURN_TYPE = YES;
				GCC_WARN_UNUSED_VARIABLE = YES;
				OTHER_CFLAGS = "-DNS_BLOCK_ASSERTIONS=1";
				PREBINDING = NO;
				SDKROOT = iphoneos4.1;
			};
			name = Release;
		};
/* End XCBuildConfiguration section */

/* Begin XCConfigurationList section */
		1D6058960D05DD3E006BFB54 /* Build configuration list for PBXNativeTarget "IBAFormsShowcase" */ = {
			isa = XCConfigurationList;
			buildConfigurations = (
				1D6058940D05DD3E006BFB54 /* Debug */,
				1D6058950D05DD3E006BFB54 /* Release */,
			);
			defaultConfigurationIsVisible = 0;
			defaultConfigurationName = Release;
		};
		C01FCF4E08A954540054247B /* Build configuration list for PBXProject "IBAFormsShowcase" */ = {
			isa = XCConfigurationList;
			buildConfigurations = (
				C01FCF4F08A954540054247B /* Debug */,
				C01FCF5008A954540054247B /* Release */,
			);
			defaultConfigurationIsVisible = 0;
			defaultConfigurationName = Release;
		};
/* End XCConfigurationList section */
	};
	rootObject = 29B97313FDCFA39411CA2CEA /* Project object */;
}
